
Microsoft Visual Studio Solution File, Format Version 12.00
# Visual Studio Version 16
VisualStudioVersion = 16.0.31729.503
MinimumVisualStudioVersion = 10.0.40219.1
Project("{FAE04EC0-301F-11D3-BF4B-00C04F79EFBC}") = "Project Step 3", "Project Step 1\Project Step 3.csproj", "{36D841E9-A0CF-47CF-85FF-D8303066F74B}"
EndProject
Global
	GlobalSection(SolutionConfigurationPlatforms) = preSolution
		Debug|Any CPU = Debug|Any CPU
		Release|Any CPU = Release|Any CPU
	EndGlobalSection
	GlobalSection(ProjectConfigurationPlatforms) = postSolution
		{36D841E9-A0CF-47CF-85FF-D8303066F74B}.Debug|Any CPU.ActiveCfg = Debug|Any CPU
		{36D841E9-A0CF-47CF-85FF-D8303066F74B}.Debug|Any CPU.Build.0 = Debug|Any CPU
		{36D841E9-A0CF-47CF-85FF-D8303066F74B}.Release|Any CPU.ActiveCfg = Release|Any CPU
		{36D841E9-A0CF-47CF-85FF-D8303066F74B}.Release|Any CPU.Build.0 = Release|Any CPU
	EndGlobalSection
	GlobalSection(SolutionProperties) = preSolution
		HideSolutionNode = FALSE
	EndGlobalSection
	GlobalSection(ExtensibilityGlobals) = postSolution
		SolutionGuid = {1121857B-4FDA-4FC1-9AC2-D0DF6D55A32B}
	EndGlobalSection
EndGlobal
